{
  "originHash" : "b4f7ccef5a8ce1850605ab1811d8a6e69adc1f7ba877db2567e0444baafc4eca",
  "pins" : [
    {
      "identity" : "principle",
      "kind" : "remoteSourceControl",
      "location" : "https://github.com/NSFatalError/Principle",
      "state" : {
        "revision" : "b7b16cbd21972a675a3543bae2f37aa323dd786b",
        "version" : "1.0.3"
      }
    },
    {
      "identity" : "principlemacros",
      "kind" : "remoteSourceControl",
      "location" : "https://github.com/NSFatalError/PrincipleMacros",
      "state" : {
        "revision" : "6381001399379bcbe787f20f13ff5a3b9ff3ef7c",
        "version" : "1.0.4"
      }
    },
    {
      "identity" : "probing",
      "kind" : "remoteSourceControl",
      "location" : "https://github.com/NSFatalError/Probing",
      "state" : {
        "revision" : "62383f66c17bfd49016cd087d2ccbdbcf32b1e2b",
        "version" : "1.0.0"
      }
    },
    {
      "identity" : "swift-algorithms",
      "kind" : "remoteSourceControl",
      "location" : "https://github.com/apple/swift-algorithms",
      "state" : {
        "revision" : "87e50f483c54e6efd60e885f7f5aa946cee68023",
        "version" : "1.2.1"
      }
    },
    {
      "identity" : "swift-numerics",
      "kind" : "remoteSourceControl",
      "location" : "https://github.com/apple/swift-numerics.git",
      "state" : {
        "revision" : "e0ec0f5f3af6f3e4d5e7a19d2af26b481acb6ba8",
        "version" : "1.0.3"
      }
    },
    {
      "identity" : "swift-syntax",
      "kind" : "remoteSourceControl",
      "location" : "https://github.com/swiftlang/swift-syntax",
      "state" : {
        "revision" : "f99ae8aa18f0cf0d53481901f88a0991dc3bd4a2",
        "version" : "601.0.1"
      }
    }
  ],
  "version" : 3
}
